
Microsoft Visual Studio Solution File, Format Version 12.00
# Visual Studio Version 17
VisualStudioVersion = 17.14.36414.22 d17.14
MinimumVisualStudioVersion = 10.0.40219.1
Project("{FAE04EC0-301F-11D3-BF4B-00C04F79EFBC}") = "TravelSaaS", "TravelSaaS.csproj", "{962E6BF9-D9C4-454C-9762-5222C75163C7}"
EndProject
Global
	GlobalSection(SolutionConfigurationPlatforms) = preSolution
		Debug|Any CPU = Debug|Any CPU
		Release|Any CPU = Release|Any CPU
	EndGlobalSection
	GlobalSection(ProjectConfigurationPlatforms) = postSolution
		{962E6BF9-D9C4-454C-9762-5222C75163C7}.Debug|Any CPU.ActiveCfg = Debug|Any CPU
		{962E6BF9-D9C4-454C-9762-5222C75163C7}.Debug|Any CPU.Build.0 = Debug|Any CPU
		{962E6BF9-D9C4-454C-9762-5222C75163C7}.Release|Any CPU.ActiveCfg = Release|Any CPU
		{962E6BF9-D9C4-454C-9762-5222C75163C7}.Release|Any CPU.Build.0 = Release|Any CPU
	EndGlobalSection
	GlobalSection(SolutionProperties) = preSolution
		HideSolutionNode = FALSE
	EndGlobalSection
	GlobalSection(ExtensibilityGlobals) = postSolution
		SolutionGuid = {439CD392-340E-4F66-A4CC-3AAF1D0DD864}
	EndGlobalSection
EndGlobal
